<?xml version="1.0" encoding="UTF-8" standalone="yes" ?>
<CodeBlocks_project_file>
	<FileVersion major="1" minor="6" />
	<Project>
		<Option title="test" />
		<Option pch_mode="2" />
		<Option compiler="gcc" />
		<Build>
			<Target title="Debug">
				<Option output="bin\Debug\test" prefix_auto="1" extension_auto="1" />
				<Option object_output="obj\Debug\" />
				<Option type="1" />
				<Option compiler="gcc" />
				<Compiler>
					<Add option="-g" />
				</Compiler>
			</Target>
		</Build>
		<Compiler>
			<Add option="-Wall" />
		</Compiler>
		<Unit filename="..\..\include\skeleton.hpp" />
		<Unit filename="..\..\include\socketinfo.hpp" />
		<Unit filename="..\..\include\sync_client.hpp" />
		<Unit filename="..\..\test\Makefile" />
		<Unit filename="..\..\test\README" />
		<Unit filename="..\..\test\cb_lv_bb1.cc" />
		<Unit filename="..\..\test\cb_lv_bb2.cc" />
		<Unit filename="..\..\test\cb_lv_bf.cc" />
		<Unit filename="..\..\test\cb_lv_c.cc" />
		<Unit filename="..\..\test\http_bb1.cc" />
		<Unit filename="..\..\test\http_bb2.cc" />
		<Unit filename="..\..\test\http_bf.cc" />
		<Unit filename="..\..\test\http_c.cc" />
		<Unit filename="..\..\test\lv_bb1.cc" />
		<Unit filename="..\..\test\lv_bb2.cc" />
		<Unit filename="..\..\test\lv_bf.cc" />
		<Unit filename="..\..\test\lv_c.cc" />
		<Unit filename="..\..\test\lv_c_for_bb1.cc" />
		<Unit filename="..\..\test\test_packet.hpp" />
		<Unit filename="..\..\test\udp_bb1.cc" />
		<Unit filename="..\..\test\udp_bb2.cc" />
		<Unit filename="..\..\test\udp_bf.cc" />
		<Unit filename="..\..\test\udp_c.cc" />
		<Unit filename="..\..\test\udp_c_for_bb1.cc" />
		<Extensions>
			<code_completion />
			<debugger />
		</Extensions>
	</Project>
</CodeBlocks_project_file>
